// !$*UTF8*$!
{
	archiveVersion = 1;
	classes = {
	};
	objectVersion = 56;
	objects = {

/* Begin PBXBuildFile section */
		7A43B2932C5AB96E0022EC62 /* ProfileView.swift in Sources */ = {isa = PBXBuildFile; fileRef = 7A43B2922C5AB96E0022EC62 /* ProfileView.swift */; };
		7A43B2952C5AB9930022EC62 /* ScheduleView.swift in Sources */ = {isa = PBXBuildFile; fileRef = 7A43B2942C5AB9930022EC62 /* ScheduleView.swift */; };
		7A6106112C519628004F7AE9 /* absenteeismifyApp.swift in Sources */ = {isa = PBXBuildFile; fileRef = 7A6106102C519628004F7AE9 /* absenteeismifyApp.swift */; };
		7A6106132C519628004F7AE9 /* ContentView.swift in Sources */ = {isa = PBXBuildFile; fileRef = 7A6106122C519628004F7AE9 /* ContentView.swift */; };
		7A6106152C519628004F7AE9 /* Item.swift in Sources */ = {isa = PBXBuildFile; fileRef = 7A6106142C519628004F7AE9 /* Item.swift */; };
		7A6106172C519629004F7AE9 /* Assets.xcassets in Resources */ = {isa = PBXBuildFile; fileRef = 7A6106162C519629004F7AE9 /* Assets.xcassets */; };
		7A61061A2C519629004F7AE9 /* Preview Assets.xcassets in Resources */ = {isa = PBXBuildFile; fileRef = 7A6106192C519629004F7AE9 /* Preview Assets.xcassets */; };
		7A6106242C519629004F7AE9 /* absenteeismifyTests.swift in Sources */ = {isa = PBXBuildFile; fileRef = 7A6106232C519629004F7AE9 /* absenteeismifyTests.swift */; };
		7A61062E2C519629004F7AE9 /* absenteeismifyUITests.swift in Sources */ = {isa = PBXBuildFile; fileRef = 7A61062D2C519629004F7AE9 /* absenteeismifyUITests.swift */; };
		7A6106302C519629004F7AE9 /* absenteeismifyUITestsLaunchTests.swift in Sources */ = {isa = PBXBuildFile; fileRef = 7A61062F2C519629004F7AE9 /* absenteeismifyUITestsLaunchTests.swift */; };
		7A761FF52C6402680009FEED /* LocationManager.swift in Sources */ = {isa = PBXBuildFile; fileRef = 7A761FF42C6402680009FEED /* LocationManager.swift */; };
		7A761FF72CB053420009FEED /* logo1.png in Resources */ = {isa = PBXBuildFile; fileRef = 7A761FF62CB053420009FEED /* logo1.png */; };
		7A85A5642CC5698400645461 /* ScheduleEditView.swift in Sources */ = {isa = PBXBuildFile; fileRef = 7A85A5632CC5698400645461 /* ScheduleEditView.swift */; };
		7A85A5662CC85E9500645461 /* MapView.swift in Sources */ = {isa = PBXBuildFile; fileRef = 7A85A5652CC85E9500645461 /* MapView.swift */; };
		7AA8DE742CB2E8D10029CCDD /* AllModels.swift in Sources */ = {isa = PBXBuildFile; fileRef = 7AA8DE732CB2E8D10029CCDD /* AllModels.swift */; };
		7AA8DE772CB2EB590029CCDD /* ScheduleViewModel.swift in Sources */ = {isa = PBXBuildFile; fileRef = 7AA8DE762CB2EB590029CCDD /* ScheduleViewModel.swift */; };
		7AA8DE7C2CB891B00029CCDD /* FirebaseAnalytics in Frameworks */ = {isa = PBXBuildFile; productRef = 7AA8DE7B2CB891B00029CCDD /* FirebaseAnalytics */; };
		7AA8DE7E2CB891B00029CCDD /* FirebaseAppCheck in Frameworks */ = {isa = PBXBuildFile; productRef = 7AA8DE7D2CB891B00029CCDD /* FirebaseAppCheck */; };
		7AA8DE802CB891B00029CCDD /* FirebaseAppDistribution-Beta in Frameworks */ = {isa = PBXBuildFile; productRef = 7AA8DE7F2CB891B00029CCDD /* FirebaseAppDistribution-Beta */; };
		7AA8DE822CB891B00029CCDD /* FirebaseAuth in Frameworks */ = {isa = PBXBuildFile; productRef = 7AA8DE812CB891B00029CCDD /* FirebaseAuth */; };
		7AA8DE842CB891B00029CCDD /* FirebaseCore in Frameworks */ = {isa = PBXBuildFile; productRef = 7AA8DE832CB891B00029CCDD /* FirebaseCore */; };
		7AA8DE862CB891B00029CCDD /* FirebaseCrashlytics in Frameworks */ = {isa = PBXBuildFile; productRef = 7AA8DE852CB891B00029CCDD /* FirebaseCrashlytics */; };
		7AA8DE882CB891B00029CCDD /* FirebaseDatabase in Frameworks */ = {isa = PBXBuildFile; productRef = 7AA8DE872CB891B00029CCDD /* FirebaseDatabase */; };
		7AA8DE8A2CB891B00029CCDD /* FirebaseFirestore in Frameworks */ = {isa = PBXBuildFile; productRef = 7AA8DE892CB891B00029CCDD /* FirebaseFirestore */; };
		7AA8DE8C2CB891B00029CCDD /* FirebaseFunctions in Frameworks */ = {isa = PBXBuildFile; productRef = 7AA8DE8B2CB891B00029CCDD /* FirebaseFunctions */; };
		7AA8DE8E2CB891B00029CCDD /* FirebaseStorage in Frameworks */ = {isa = PBXBuildFile; productRef = 7AA8DE8D2CB891B00029CCDD /* FirebaseStorage */; };
		7AA8DE912CB892BA0029CCDD /* GoogleSignIn in Frameworks */ = {isa = PBXBuildFile; productRef = 7AA8DE902CB892BA0029CCDD /* GoogleSignIn */; };
		7AA8DE932CB892BA0029CCDD /* GoogleSignInSwift in Frameworks */ = {isa = PBXBuildFile; productRef = 7AA8DE922CB892BA0029CCDD /* GoogleSignInSwift */; };
		7AA8DE992CBC2CE80029CCDD /* GoogleService-Info.plist in Resources */ = {isa = PBXBuildFile; fileRef = 7AA8DE982CBC2CE80029CCDD /* GoogleService-Info.plist */; };
		7AA8DE9C2CBD4FEA0029CCDD /* AuthViewModel.swift in Sources */ = {isa = PBXBuildFile; fileRef = 7AA8DE9B2CBD4FEA0029CCDD /* AuthViewModel.swift */; };
/* End PBXBuildFile section */

/* Begin PBXContainerItemProxy section */
		7A6106202C519629004F7AE9 /* PBXContainerItemProxy */ = {
			isa = PBXContainerItemProxy;
			containerPortal = 7A6106052C519628004F7AE9 /* Project object */;
			proxyType = 1;
			remoteGlobalIDString = 7A61060C2C519628004F7AE9;
			remoteInfo = absenteeismify;
		};
		7A61062A2C519629004F7AE9 /* PBXContainerItemProxy */ = {
			isa = PBXContainerItemProxy;
			containerPortal = 7A6106052C519628004F7AE9 /* Project object */;
			proxyType = 1;
			remoteGlobalIDString = 7A61060C2C519628004F7AE9;
			remoteInfo = absenteeismify;
		};
/* End PBXContainerItemProxy section */

/* Begin PBXFileReference section */
		7A43B2922C5AB96E0022EC62 /* ProfileView.swift */ = {isa = PBXFileReference; lastKnownFileType = sourcecode.swift; path = ProfileView.swift; sourceTree = "<group>"; };
		7A43B2942C5AB9930022EC62 /* ScheduleView.swift */ = {isa = PBXFileReference; lastKnownFileType = sourcecode.swift; path = ScheduleView.swift; sourceTree = "<group>"; };
		7A61060D2C519628004F7AE9 /* absenteeismify.app */ = {isa = PBXFileReference; explicitFileType = wrapper.application; includeInIndex = 0; path = absenteeismify.app; sourceTree = BUILT_PRODUCTS_DIR; };
		7A6106102C519628004F7AE9 /* absenteeismifyApp.swift */ = {isa = PBXFileReference; lastKnownFileType = sourcecode.swift; path = absenteeismifyApp.swift; sourceTree = "<group>"; };
		7A6106122C519628004F7AE9 /* ContentView.swift */ = {isa = PBXFileReference; lastKnownFileType = sourcecode.swift; path = ContentView.swift; sourceTree = "<group>"; };
		7A6106142C519628004F7AE9 /* Item.swift */ = {isa = PBXFileReference; lastKnownFileType = sourcecode.swift; path = Item.swift; sourceTree = "<group>"; };
		7A6106162C519629004F7AE9 /* Assets.xcassets */ = {isa = PBXFileReference; lastKnownFileType = folder.assetcatalog; path = Assets.xcassets; sourceTree = "<group>"; };
		7A6106192C519629004F7AE9 /* Preview Assets.xcassets */ = {isa = PBXFileReference; lastKnownFileType = folder.assetcatalog; path = "Preview Assets.xcassets"; sourceTree = "<group>"; };
		7A61061F2C519629004F7AE9 /* absenteeismifyTests.xctest */ = {isa = PBXFileReference; explicitFileType = wrapper.cfbundle; includeInIndex = 0; path = absenteeismifyTests.xctest; sourceTree = BUILT_PRODUCTS_DIR; };
		7A6106232C519629004F7AE9 /* absenteeismifyTests.swift */ = {isa = PBXFileReference; lastKnownFileType = sourcecode.swift; path = absenteeismifyTests.swift; sourceTree = "<group>"; };
		7A6106292C519629004F7AE9 /* absenteeismifyUITests.xctest */ = {isa = PBXFileReference; explicitFileType = wrapper.cfbundle; includeInIndex = 0; path = absenteeismifyUITests.xctest; sourceTree = BUILT_PRODUCTS_DIR; };
		7A61062D2C519629004F7AE9 /* absenteeismifyUITests.swift */ = {isa = PBXFileReference; lastKnownFileType = sourcecode.swift; path = absenteeismifyUITests.swift; sourceTree = "<group>"; };
		7A61062F2C519629004F7AE9 /* absenteeismifyUITestsLaunchTests.swift */ = {isa = PBXFileReference; lastKnownFileType = sourcecode.swift; path = absenteeismifyUITestsLaunchTests.swift; sourceTree = "<group>"; };
		7A761FF42C6402680009FEED /* LocationManager.swift */ = {isa = PBXFileReference; lastKnownFileType = sourcecode.swift; path = LocationManager.swift; sourceTree = "<group>"; };
		7A761FF62CB053420009FEED /* logo1.png */ = {isa = PBXFileReference; lastKnownFileType = image.png; path = logo1.png; sourceTree = "<group>"; };
		7A85A5632CC5698400645461 /* ScheduleEditView.swift */ = {isa = PBXFileReference; lastKnownFileType = sourcecode.swift; path = ScheduleEditView.swift; sourceTree = "<group>"; };
		7A85A5652CC85E9500645461 /* MapView.swift */ = {isa = PBXFileReference; lastKnownFileType = sourcecode.swift; path = MapView.swift; sourceTree = "<group>"; };
		7AA8DE732CB2E8D10029CCDD /* AllModels.swift */ = {isa = PBXFileReference; lastKnownFileType = sourcecode.swift; path = AllModels.swift; sourceTree = "<group>"; };
		7AA8DE762CB2EB590029CCDD /* ScheduleViewModel.swift */ = {isa = PBXFileReference; lastKnownFileType = sourcecode.swift; path = ScheduleViewModel.swift; sourceTree = "<group>"; };
		7AA8DE982CBC2CE80029CCDD /* GoogleService-Info.plist */ = {isa = PBXFileReference; fileEncoding = 4; lastKnownFileType = text.plist.xml; path = "GoogleService-Info.plist"; sourceTree = "<group>"; };
		7AA8DE9A2CBC2E0E0029CCDD /* Info.plist */ = {isa = PBXFileReference; lastKnownFileType = text.plist; path = Info.plist; sourceTree = "<group>"; };
		7AA8DE9B2CBD4FEA0029CCDD /* AuthViewModel.swift */ = {isa = PBXFileReference; lastKnownFileType = sourcecode.swift; path = AuthViewModel.swift; sourceTree = "<group>"; };
/* End PBXFileReference section */

/* Begin PBXFrameworksBuildPhase section */
		7A61060A2C519628004F7AE9 /* Frameworks */ = {
			isa = PBXFrameworksBuildPhase;
			buildActionMask = 2147483647;
			files = (
				7AA8DE7C2CB891B00029CCDD /* FirebaseAnalytics in Frameworks */,
				7AA8DE822CB891B00029CCDD /* FirebaseAuth in Frameworks */,
				7AA8DE7E2CB891B00029CCDD /* FirebaseAppCheck in Frameworks */,
				7AA8DE862CB891B00029CCDD /* FirebaseCrashlytics in Frameworks */,
				7AA8DE932CB892BA0029CCDD /* GoogleSignInSwift in Frameworks */,
				7AA8DE912CB892BA0029CCDD /* GoogleSignIn in Frameworks */,
				7AA8DE8A2CB891B00029CCDD /* FirebaseFirestore in Frameworks */,
				7AA8DE842CB891B00029CCDD /* FirebaseCore in Frameworks */,
				7AA8DE8C2CB891B00029CCDD /* FirebaseFunctions in Frameworks */,
				7AA8DE8E2CB891B00029CCDD /* FirebaseStorage in Frameworks */,
				7AA8DE882CB891B00029CCDD /* FirebaseDatabase in Frameworks */,
				7AA8DE802CB891B00029CCDD /* FirebaseAppDistribution-Beta in Frameworks */,
			);
			runOnlyForDeploymentPostprocessing = 0;
		};
		7A61061C2C519629004F7AE9 /* Frameworks */ = {
			isa = PBXFrameworksBuildPhase;
			buildActionMask = 2147483647;
			files = (
			);
			runOnlyForDeploymentPostprocessing = 0;
		};
		7A6106262C519629004F7AE9 /* Frameworks */ = {
			isa = PBXFrameworksBuildPhase;
			buildActionMask = 2147483647;
			files = (
			);
			runOnlyForDeploymentPostprocessing = 0;
		};
/* End PBXFrameworksBuildPhase section */

/* Begin PBXGroup section */
		7A6106042C519628004F7AE9 = {
			isa = PBXGroup;
			children = (
				7A61060F2C519628004F7AE9 /* absenteeismify */,
				7A6106222C519629004F7AE9 /* absenteeismifyTests */,
				7A61062C2C519629004F7AE9 /* absenteeismifyUITests */,
				7A61060E2C519628004F7AE9 /* Products */,
			);
			sourceTree = "<group>";
		};
		7A61060E2C519628004F7AE9 /* Products */ = {
			isa = PBXGroup;
			children = (
				7A61060D2C519628004F7AE9 /* absenteeismify.app */,
				7A61061F2C519629004F7AE9 /* absenteeismifyTests.xctest */,
				7A6106292C519629004F7AE9 /* absenteeismifyUITests.xctest */,
			);
			name = Products;
			sourceTree = "<group>";
		};
		7A61060F2C519628004F7AE9 /* absenteeismify */ = {
			isa = PBXGroup;
			children = (
				7AA8DE9A2CBC2E0E0029CCDD /* Info.plist */,
				7AA8DE752CB2EB3D0029CCDD /* ViewModels */,
				7A761FF32C64022D0009FEED /* Models */,
				7A6106102C519628004F7AE9 /* absenteeismifyApp.swift */,
				7AA8DE982CBC2CE80029CCDD /* GoogleService-Info.plist */,
				7A85A5632CC5698400645461 /* ScheduleEditView.swift */,
				7A43B2942C5AB9930022EC62 /* ScheduleView.swift */,
				7A6106122C519628004F7AE9 /* ContentView.swift */,
				7A43B2922C5AB96E0022EC62 /* ProfileView.swift */,
				7A85A5652CC85E9500645461 /* MapView.swift */,
				7A6106142C519628004F7AE9 /* Item.swift */,
				7A6106162C519629004F7AE9 /* Assets.xcassets */,
				7A761FF62CB053420009FEED /* logo1.png */,
				7A6106182C519629004F7AE9 /* Preview Content */,
			);
			path = absenteeismify;
			sourceTree = "<group>";
		};
		7A6106182C519629004F7AE9 /* Preview Content */ = {
			isa = PBXGroup;
			children = (
				7A6106192C519629004F7AE9 /* Preview Assets.xcassets */,
			);
			path = "Preview Content";
			sourceTree = "<group>";
		};
		7A6106222C519629004F7AE9 /* absenteeismifyTests */ = {
			isa = PBXGroup;
			children = (
				7A6106232C519629004F7AE9 /* absenteeismifyTests.swift */,
			);
			path = absenteeismifyTests;
			sourceTree = "<group>";
		};
		7A61062C2C519629004F7AE9 /* absenteeismifyUITests */ = {
			isa = PBXGroup;
			children = (
				7A61062D2C519629004F7AE9 /* absenteeismifyUITests.swift */,
				7A61062F2C519629004F7AE9 /* absenteeismifyUITestsLaunchTests.swift */,
			);
			path = absenteeismifyUITests;
			sourceTree = "<group>";
		};
		7A761FF32C64022D0009FEED /* Models */ = {
			isa = PBXGroup;
			children = (
				7AA8DE732CB2E8D10029CCDD /* AllModels.swift */,
			);
			path = Models;
			sourceTree = "<group>";
		};
		7AA8DE752CB2EB3D0029CCDD /* ViewModels */ = {
			isa = PBXGroup;
			children = (
				7AA8DE762CB2EB590029CCDD /* ScheduleViewModel.swift */,
				7AA8DE9B2CBD4FEA0029CCDD /* AuthViewModel.swift */,
				7A761FF42C6402680009FEED /* LocationManager.swift */,
			);
			path = ViewModels;
			sourceTree = "<group>";
		};
/* End PBXGroup section */

/* Begin PBXNativeTarget section */
		7A61060C2C519628004F7AE9 /* absenteeismify */ = {
			isa = PBXNativeTarget;
			buildConfigurationList = 7A6106332C519629004F7AE9 /* Build configuration list for PBXNativeTarget "absenteeismify" */;
			buildPhases = (
				7A6106092C519628004F7AE9 /* Sources */,
				7A61060A2C519628004F7AE9 /* Frameworks */,
				7A61060B2C519628004F7AE9 /* Resources */,
			);
			buildRules = (
			);
			dependencies = (
			);
			name = absenteeismify;
			packageProductDependencies = (
				7AA8DE7B2CB891B00029CCDD /* FirebaseAnalytics */,
				7AA8DE7D2CB891B00029CCDD /* FirebaseAppCheck */,
				7AA8DE7F2CB891B00029CCDD /* FirebaseAppDistribution-Beta */,
				7AA8DE812CB891B00029CCDD /* FirebaseAuth */,
				7AA8DE832CB891B00029CCDD /* FirebaseCore */,
				7AA8DE852CB891B00029CCDD /* FirebaseCrashlytics */,
				7AA8DE872CB891B00029CCDD /* FirebaseDatabase */,
				7AA8DE892CB891B00029CCDD /* FirebaseFirestore */,
				7AA8DE8B2CB891B00029CCDD /* FirebaseFunctions */,
				7AA8DE8D2CB891B00029CCDD /* FirebaseStorage */,
				7AA8DE902CB892BA0029CCDD /* GoogleSignIn */,
				7AA8DE922CB892BA0029CCDD /* GoogleSignInSwift */,
			);
			productName = absenteeismify;
			productReference = 7A61060D2C519628004F7AE9 /* absenteeismify.app */;
			productType = "com.apple.product-type.application";
		};
		7A61061E2C519629004F7AE9 /* absenteeismifyTests */ = {
			isa = PBXNativeTarget;
			buildConfigurationList = 7A6106362C519629004F7AE9 /* Build configuration list for PBXNativeTarget "absenteeismifyTests" */;
			buildPhases = (
				7A61061B2C519629004F7AE9 /* Sources */,
				7A61061C2C519629004F7AE9 /* Frameworks */,
				7A61061D2C519629004F7AE9 /* Resources */,
			);
			buildRules = (
			);
			dependencies = (
				7A6106212C519629004F7AE9 /* PBXTargetDependency */,
			);
			name = absenteeismifyTests;
			productName = absenteeismifyTests;
			productReference = 7A61061F2C519629004F7AE9 /* absenteeismifyTests.xctest */;
			productType = "com.apple.product-type.bundle.unit-test";
		};
		7A6106282C519629004F7AE9 /* absenteeismifyUITests */ = {
			isa = PBXNativeTarget;
			buildConfigurationList = 7A6106392C519629004F7AE9 /* Build configuration list for PBXNativeTarget "absenteeismifyUITests" */;
			buildPhases = (
				7A6106252C519629004F7AE9 /* Sources */,
				7A6106262C519629004F7AE9 /* Frameworks */,
				7A6106272C519629004F7AE9 /* Resources */,
			);
			buildRules = (
			);
			dependencies = (
				7A61062B2C519629004F7AE9 /* PBXTargetDependency */,
			);
			name = absenteeismifyUITests;
			productName = absenteeismifyUITests;
			productReference = 7A6106292C519629004F7AE9 /* absenteeismifyUITests.xctest */;
			productType = "com.apple.product-type.bundle.ui-testing";
		};
/* End PBXNativeTarget section */

/* Begin PBXProject section */
		7A6106052C519628004F7AE9 /* Project object */ = {
			isa = PBXProject;
			attributes = {
				BuildIndependentTargetsInParallel = 1;
				LastSwiftUpdateCheck = 1540;
				LastUpgradeCheck = 1540;
				TargetAttributes = {
					7A61060C2C519628004F7AE9 = {
						CreatedOnToolsVersion = 15.4;
					};
					7A61061E2C519629004F7AE9 = {
						CreatedOnToolsVersion = 15.4;
						TestTargetID = 7A61060C2C519628004F7AE9;
					};
					7A6106282C519629004F7AE9 = {
						CreatedOnToolsVersion = 15.4;
						TestTargetID = 7A61060C2C519628004F7AE9;
					};
				};
			};
			buildConfigurationList = 7A6106082C519628004F7AE9 /* Build configuration list for PBXProject "absenteeismify" */;
			compatibilityVersion = "Xcode 14.0";
			developmentRegion = en;
			hasScannedForEncodings = 0;
			knownRegions = (
				en,
				Base,
			);
			mainGroup = 7A6106042C519628004F7AE9;
			packageReferences = (
				7AA8DE7A2CB891B00029CCDD /* XCRemoteSwiftPackageReference "firebase-ios-sdk" */,
				7AA8DE8F2CB892BA0029CCDD /* XCRemoteSwiftPackageReference "GoogleSignIn-iOS" */,
			);
			productRefGroup = 7A61060E2C519628004F7AE9 /* Products */;
			projectDirPath = "";
			projectRoot = "";
			targets = (
				7A61060C2C519628004F7AE9 /* absenteeismify */,
				7A61061E2C519629004F7AE9 /* absenteeismifyTests */,
				7A6106282C519629004F7AE9 /* absenteeismifyUITests */,
			);
		};
/* End PBXProject section */

/* Begin PBXResourcesBuildPhase section */
		7A61060B2C519628004F7AE9 /* Resources */ = {
			isa = PBXResourcesBuildPhase;
			buildActionMask = 2147483647;
			files = (
				7A761FF72CB053420009FEED /* logo1.png in Resources */,
				7A61061A2C519629004F7AE9 /* Preview Assets.xcassets in Resources */,
				7AA8DE992CBC2CE80029CCDD /* GoogleService-Info.plist in Resources */,
				7A6106172C519629004F7AE9 /* Assets.xcassets in Resources */,
			);
			runOnlyForDeploymentPostprocessing = 0;
		};
		7A61061D2C519629004F7AE9 /* Resources */ = {
			isa = PBXResourcesBuildPhase;
			buildActionMask = 2147483647;
			files = (
			);
			runOnlyForDeploymentPostprocessing = 0;
		};
		7A6106272C519629004F7AE9 /* Resources */ = {
			isa = PBXResourcesBuildPhase;
			buildActionMask = 2147483647;
			files = (
			);
			runOnlyForDeploymentPostprocessing = 0;
		};
/* End PBXResourcesBuildPhase section */

/* Begin PBXSourcesBuildPhase section */
		7A6106092C519628004F7AE9 /* Sources */ = {
			isa = PBXSourcesBuildPhase;
			buildActionMask = 2147483647;
			files = (
				7A6106132C519628004F7AE9 /* ContentView.swift in Sources */,
				7A43B2932C5AB96E0022EC62 /* ProfileView.swift in Sources */,
				7AA8DE772CB2EB590029CCDD /* ScheduleViewModel.swift in Sources */,
				7A85A5662CC85E9500645461 /* MapView.swift in Sources */,
				7A43B2952C5AB9930022EC62 /* ScheduleView.swift in Sources */,
				7A761FF52C6402680009FEED /* LocationManager.swift in Sources */,
				7A6106152C519628004F7AE9 /* Item.swift in Sources */,
				7AA8DE9C2CBD4FEA0029CCDD /* AuthViewModel.swift in Sources */,
				7AA8DE742CB2E8D10029CCDD /* AllModels.swift in Sources */,
				7A6106112C519628004F7AE9 /* absenteeismifyApp.swift in Sources */,
				7A85A5642CC5698400645461 /* ScheduleEditView.swift in Sources */,
			);
			runOnlyForDeploymentPostprocessing = 0;
		};
		7A61061B2C519629004F7AE9 /* Sources */ = {
			isa = PBXSourcesBuildPhase;
			buildActionMask = 2147483647;
			files = (
				7A6106242C519629004F7AE9 /* absenteeismifyTests.swift in Sources */,
			);
			runOnlyForDeploymentPostprocessing = 0;
		};
		7A6106252C519629004F7AE9 /* Sources */ = {
			isa = PBXSourcesBuildPhase;
			buildActionMask = 2147483647;
			files = (
				7A6106302C519629004F7AE9 /* absenteeismifyUITestsLaunchTests.swift in Sources */,
				7A61062E2C519629004F7AE9 /* absenteeismifyUITests.swift in Sources */,
			);
			runOnlyForDeploymentPostprocessing = 0;
		};
/* End PBXSourcesBuildPhase section */

/* Begin PBXTargetDependency section */
		7A6106212C519629004F7AE9 /* PBXTargetDependency */ = {
			isa = PBXTargetDependency;
			target = 7A61060C2C519628004F7AE9 /* absenteeismify */;
			targetProxy = 7A6106202C519629004F7AE9 /* PBXContainerItemProxy */;
		};
		7A61062B2C519629004F7AE9 /* PBXTargetDependency */ = {
			isa = PBXTargetDependency;
			target = 7A61060C2C519628004F7AE9 /* absenteeismify */;
			targetProxy = 7A61062A2C519629004F7AE9 /* PBXContainerItemProxy */;
		};
/* End PBXTargetDependency section */

/* Begin XCBuildConfiguration section */
		7A6106312C519629004F7AE9 /* Debug */ = {
			isa = XCBuildConfiguration;
			buildSettings = {
				ALWAYS_SEARCH_USER_PATHS = NO;
				ASSETCATALOG_COMPILER_GENERATE_SWIFT_ASSET_SYMBOL_EXTENSIONS = YES;
				CLANG_ANALYZER_NONNULL = YES;
				CLANG_ANALYZER_NUMBER_OBJECT_CONVERSION = YES_AGGRESSIVE;
				CLANG_CXX_LANGUAGE_STANDARD = "gnu++20";
				CLANG_ENABLE_MODULES = YES;
				CLANG_ENABLE_OBJC_ARC = YES;
				CLANG_ENABLE_OBJC_WEAK = YES;
				CLANG_WARN_BLOCK_CAPTURE_AUTORELEASING = YES;
				CLANG_WARN_BOOL_CONVERSION = YES;
				CLANG_WARN_COMMA = YES;
				CLANG_WARN_CONSTANT_CONVERSION = YES;
				CLANG_WARN_DEPRECATED_OBJC_IMPLEMENTATIONS = YES;
				CLANG_WARN_DIRECT_OBJC_ISA_USAGE = YES_ERROR;
				CLANG_WARN_DOCUMENTATION_COMMENTS = YES;
				CLANG_WARN_EMPTY_BODY = YES;
				CLANG_WARN_ENUM_CONVERSION = YES;
				CLANG_WARN_INFINITE_RECURSION = YES;
				CLANG_WARN_INT_CONVERSION = YES;
				CLANG_WARN_NON_LITERAL_NULL_CONVERSION = YES;
				CLANG_WARN_OBJC_IMPLICIT_RETAIN_SELF = YES;
				CLANG_WARN_OBJC_LITERAL_CONVERSION = YES;
				CLANG_WARN_OBJC_ROOT_CLASS = YES_ERROR;
				CLANG_WARN_QUOTED_INCLUDE_IN_FRAMEWORK_HEADER = YES;
				CLANG_WARN_RANGE_LOOP_ANALYSIS = YES;
				CLANG_WARN_STRICT_PROTOTYPES = YES;
				CLANG_WARN_SUSPICIOUS_MOVE = YES;
				CLANG_WARN_UNGUARDED_AVAILABILITY = YES_AGGRESSIVE;
				CLANG_WARN_UNREACHABLE_CODE = YES;
				CLANG_WARN__DUPLICATE_METHOD_MATCH = YES;
				COPY_PHASE_STRIP = NO;
				DEBUG_INFORMATION_FORMAT = dwarf;
				ENABLE_STRICT_OBJC_MSGSEND = YES;
				ENABLE_TESTABILITY = YES;
				ENABLE_USER_SCRIPT_SANDBOXING = YES;
				GCC_C_LANGUAGE_STANDARD = gnu17;
				GCC_DYNAMIC_NO_PIC = NO;
				GCC_NO_COMMON_BLOCKS = YES;
				GCC_OPTIMIZATION_LEVEL = 0;
				GCC_PREPROCESSOR_DEFINITIONS = (
					"DEBUG=1",
					"$(inherited)",
				);
				GCC_WARN_64_TO_32_BIT_CONVERSION = YES;
				GCC_WARN_ABOUT_RETURN_TYPE = YES_ERROR;
				GCC_WARN_UNDECLARED_SELECTOR = YES;
				GCC_WARN_UNINITIALIZED_AUTOS = YES_AGGRESSIVE;
				GCC_WARN_UNUSED_FUNCTION = YES;
				GCC_WARN_UNUSED_VARIABLE = YES;
				IPHONEOS_DEPLOYMENT_TARGET = 17.5;
				LOCALIZATION_PREFERS_STRING_CATALOGS = YES;
				MTL_ENABLE_DEBUG_INFO = INCLUDE_SOURCE;
				MTL_FAST_MATH = YES;
				ONLY_ACTIVE_ARCH = YES;
				SDKROOT = iphoneos;
				SWIFT_ACTIVE_COMPILATION_CONDITIONS = "DEBUG $(inherited)";
				SWIFT_OPTIMIZATION_LEVEL = "-Onone";
			};
			name = Debug;
		};
		7A6106322C519629004F7AE9 /* Release */ = {
			isa = XCBuildConfiguration;
			buildSettings = {
				ALWAYS_SEARCH_USER_PATHS = NO;
				ASSETCATALOG_COMPILER_GENERATE_SWIFT_ASSET_SYMBOL_EXTENSIONS = YES;
				CLANG_ANALYZER_NONNULL = YES;
				CLANG_ANALYZER_NUMBER_OBJECT_CONVERSION = YES_AGGRESSIVE;
				CLANG_CXX_LANGUAGE_STANDARD = "gnu++20";
				CLANG_ENABLE_MODULES = YES;
				CLANG_ENABLE_OBJC_ARC = YES;
				CLANG_ENABLE_OBJC_WEAK = YES;
				CLANG_WARN_BLOCK_CAPTURE_AUTORELEASING = YES;
				CLANG_WARN_BOOL_CONVERSION = YES;
				CLANG_WARN_COMMA = YES;
				CLANG_WARN_CONSTANT_CONVERSION = YES;
				CLANG_WARN_DEPRECATED_OBJC_IMPLEMENTATIONS = YES;
				CLANG_WARN_DIRECT_OBJC_ISA_USAGE = YES_ERROR;
				CLANG_WARN_DOCUMENTATION_COMMENTS = YES;
				CLANG_WARN_EMPTY_BODY = YES;
				CLANG_WARN_ENUM_CONVERSION = YES;
				CLANG_WARN_INFINITE_RECURSION = YES;
				CLANG_WARN_INT_CONVERSION = YES;
				CLANG_WARN_NON_LITERAL_NULL_CONVERSION = YES;
				CLANG_WARN_OBJC_IMPLICIT_RETAIN_SELF = YES;
				CLANG_WARN_OBJC_LITERAL_CONVERSION = YES;
				CLANG_WARN_OBJC_ROOT_CLASS = YES_ERROR;
				CLANG_WARN_QUOTED_INCLUDE_IN_FRAMEWORK_HEADER = YES;
				CLANG_WARN_RANGE_LOOP_ANALYSIS = YES;
				CLANG_WARN_STRICT_PROTOTYPES = YES;
				CLANG_WARN_SUSPICIOUS_MOVE = YES;
				CLANG_WARN_UNGUARDED_AVAILABILITY = YES_AGGRESSIVE;
				CLANG_WARN_UNREACHABLE_CODE = YES;
				CLANG_WARN__DUPLICATE_METHOD_MATCH = YES;
				COPY_PHASE_STRIP = NO;
				DEBUG_INFORMATION_FORMAT = "dwarf-with-dsym";
				ENABLE_NS_ASSERTIONS = NO;
				ENABLE_STRICT_OBJC_MSGSEND = YES;
				ENABLE_USER_SCRIPT_SANDBOXING = YES;
				GCC_C_LANGUAGE_STANDARD = gnu17;
				GCC_NO_COMMON_BLOCKS = YES;
				GCC_WARN_64_TO_32_BIT_CONVERSION = YES;
				GCC_WARN_ABOUT_RETURN_TYPE = YES_ERROR;
				GCC_WARN_UNDECLARED_SELECTOR = YES;
				GCC_WARN_UNINITIALIZED_AUTOS = YES_AGGRESSIVE;
				GCC_WARN_UNUSED_FUNCTION = YES;
				GCC_WARN_UNUSED_VARIABLE = YES;
				IPHONEOS_DEPLOYMENT_TARGET = 17.5;
				LOCALIZATION_PREFERS_STRING_CATALOGS = YES;
				MTL_ENABLE_DEBUG_INFO = NO;
				MTL_FAST_MATH = YES;
				SDKROOT = iphoneos;
				SWIFT_COMPILATION_MODE = wholemodule;
				VALIDATE_PRODUCT = YES;
			};
			name = Release;
		};
		7A6106342C519629004F7AE9 /* Debug */ = {
			isa = XCBuildConfiguration;
			buildSettings = {
				ASSETCATALOG_COMPILER_APPICON_NAME = AppIcon;
				ASSETCATALOG_COMPILER_GLOBAL_ACCENT_COLOR_NAME = AccentColor;
				CODE_SIGN_STYLE = Automatic;
				CURRENT_PROJECT_VERSION = 1;
				DEVELOPMENT_ASSET_PATHS = "\"absenteeismify/Preview Content\"";
				DEVELOPMENT_TEAM = 3566MT4K99;
				ENABLE_PREVIEWS = YES;
				GENERATE_INFOPLIST_FILE = YES;
				INFOPLIST_FILE = absenteeismify/Info.plist;
				INFOPLIST_KEY_NSLocationWhenInUseUsageDescription = "";
				INFOPLIST_KEY_UIApplicationSceneManifest_Generation = YES;
				INFOPLIST_KEY_UIApplicationSupportsIndirectInputEvents = YES;
				INFOPLIST_KEY_UILaunchScreen_Generation = YES;
				INFOPLIST_KEY_UISupportedInterfaceOrientations_iPad = "UIInterfaceOrientationPortrait UIInterfaceOrientationPortraitUpsideDown UIInterfaceOrientationLandscapeLeft UIInterfaceOrientationLandscapeRight";
				INFOPLIST_KEY_UISupportedInterfaceOrientations_iPhone = "UIInterfaceOrientationPortrait UIInterfaceOrientationLandscapeLeft UIInterfaceOrientationLandscapeRight";
				LD_RUNPATH_SEARCH_PATHS = (
					"$(inherited)",
					"@executable_path/Frameworks",
				);
				MARKETING_VERSION = 1.0;
				PRODUCT_BUNDLE_IDENTIFIER = com.bgch.absenteeismify;
				PRODUCT_NAME = "$(TARGET_NAME)";
				SWIFT_EMIT_LOC_STRINGS = YES;
				SWIFT_VERSION = 5.0;
				TARGETED_DEVICE_FAMILY = "1,2";
			};
			name = Debug;
		};
		7A6106352C519629004F7AE9 /* Release */ = {
			isa = XCBuildConfiguration;
			buildSettings = {
				ASSETCATALOG_COMPILER_APPICON_NAME = AppIcon;
				ASSETCATALOG_COMPILER_GLOBAL_ACCENT_COLOR_NAME = AccentColor;
				CODE_SIGN_STYLE = Automatic;
				CURRENT_PROJECT_VERSION = 1;
				DEVELOPMENT_ASSET_PATHS = "\"absenteeismify/Preview Content\"";
				DEVELOPMENT_TEAM = 3566MT4K99;
				ENABLE_PREVIEWS = YES;
				GENERATE_INFOPLIST_FILE = YES;
				INFOPLIST_FILE = absenteeismify/Info.plist;
				INFOPLIST_KEY_NSLocationWhenInUseUsageDescription = "";
				INFOPLIST_KEY_UIApplicationSceneManifest_Generation = YES;
				INFOPLIST_KEY_UIApplicationSupportsIndirectInputEvents = YES;
				INFOPLIST_KEY_UILaunchScreen_Generation = YES;
				INFOPLIST_KEY_UISupportedInterfaceOrientations_iPad = "UIInterfaceOrientationPortrait UIInterfaceOrientationPortraitUpsideDown UIInterfaceOrientationLandscapeLeft UIInterfaceOrientationLandscapeRight";
				INFOPLIST_KEY_UISupportedInterfaceOrientations_iPhone = "UIInterfaceOrientationPortrait UIInterfaceOrientationLandscapeLeft UIInterfaceOrientationLandscapeRight";
				LD_RUNPATH_SEARCH_PATHS = (
					"$(inherited)",
					"@executable_path/Frameworks",
				);
				MARKETING_VERSION = 1.0;
				PRODUCT_BUNDLE_IDENTIFIER = com.bgch.absenteeismify;
				PRODUCT_NAME = "$(TARGET_NAME)";
				SWIFT_EMIT_LOC_STRINGS = YES;
				SWIFT_VERSION = 5.0;
				TARGETED_DEVICE_FAMILY = "1,2";
			};
			name = Release;
		};
		7A6106372C519629004F7AE9 /* Debug */ = {
			isa = XCBuildConfiguration;
			buildSettings = {
				ALWAYS_EMBED_SWIFT_STANDARD_LIBRARIES = YES;
				BUNDLE_LOADER = "$(TEST_HOST)";
				CODE_SIGN_STYLE = Automatic;
				CURRENT_PROJECT_VERSION = 1;
				GENERATE_INFOPLIST_FILE = YES;
				IPHONEOS_DEPLOYMENT_TARGET = 17.5;
				MARKETING_VERSION = 1.0;
				PRODUCT_BUNDLE_IDENTIFIER = com.bgch.absenteeismifyTests;
				PRODUCT_NAME = "$(TARGET_NAME)";
				SWIFT_EMIT_LOC_STRINGS = NO;
				SWIFT_VERSION = 5.0;
				TARGETED_DEVICE_FAMILY = "1,2";
				TEST_HOST = "$(BUILT_PRODUCTS_DIR)/absenteeismify.app/$(BUNDLE_EXECUTABLE_FOLDER_PATH)/absenteeismify";
			};
			name = Debug;
		};
		7A6106382C519629004F7AE9 /* Release */ = {
			isa = XCBuildConfiguration;
			buildSettings = {
				ALWAYS_EMBED_SWIFT_STANDARD_LIBRARIES = YES;
				BUNDLE_LOADER = "$(TEST_HOST)";
				CODE_SIGN_STYLE = Automatic;
				CURRENT_PROJECT_VERSION = 1;
				GENERATE_INFOPLIST_FILE = YES;
				IPHONEOS_DEPLOYMENT_TARGET = 17.5;
				MARKETING_VERSION = 1.0;
				PRODUCT_BUNDLE_IDENTIFIER = com.bgch.absenteeismifyTests;
				PRODUCT_NAME = "$(TARGET_NAME)";
				SWIFT_EMIT_LOC_STRINGS = NO;
				SWIFT_VERSION = 5.0;
				TARGETED_DEVICE_FAMILY = "1,2";
				TEST_HOST = "$(BUILT_PRODUCTS_DIR)/absenteeismify.app/$(BUNDLE_EXECUTABLE_FOLDER_PATH)/absenteeismify";
			};
			name = Release;
		};
		7A61063A2C519629004F7AE9 /* Debug */ = {
			isa = XCBuildConfiguration;
			buildSettings = {
				ALWAYS_EMBED_SWIFT_STANDARD_LIBRARIES = YES;
				CODE_SIGN_STYLE = Automatic;
				CURRENT_PROJECT_VERSION = 1;
				GENERATE_INFOPLIST_FILE = YES;
				MARKETING_VERSION = 1.0;
				PRODUCT_BUNDLE_IDENTIFIER = com.bgch.absenteeismifyUITests;
				PRODUCT_NAME = "$(TARGET_NAME)";
				SWIFT_EMIT_LOC_STRINGS = NO;
				SWIFT_VERSION = 5.0;
				TARGETED_DEVICE_FAMILY = "1,2";
				TEST_TARGET_NAME = absenteeismify;
			};
			name = Debug;
		};
		7A61063B2C519629004F7AE9 /* Release */ = {
			isa = XCBuildConfiguration;
			buildSettings = {
				ALWAYS_EMBED_SWIFT_STANDARD_LIBRARIES = YES;
				CODE_SIGN_STYLE = Automatic;
				CURRENT_PROJECT_VERSION = 1;
				GENERATE_INFOPLIST_FILE = YES;
				MARKETING_VERSION = 1.0;
				PRODUCT_BUNDLE_IDENTIFIER = com.bgch.absenteeismifyUITests;
				PRODUCT_NAME = "$(TARGET_NAME)";
				SWIFT_EMIT_LOC_STRINGS = NO;
				SWIFT_VERSION = 5.0;
				TARGETED_DEVICE_FAMILY = "1,2";
				TEST_TARGET_NAME = absenteeismify;
			};
			name = Release;
		};
/* End XCBuildConfiguration section */

/* Begin XCConfigurationList section */
		7A6106082C519628004F7AE9 /* Build configuration list for PBXProject "absenteeismify" */ = {
			isa = XCConfigurationList;
			buildConfigurations = (
				7A6106312C519629004F7AE9 /* Debug */,
				7A6106322C519629004F7AE9 /* Release */,
			);
			defaultConfigurationIsVisible = 0;
			defaultConfigurationName = Release;
		};
		7A6106332C519629004F7AE9 /* Build configuration list for PBXNativeTarget "absenteeismify" */ = {
			isa = XCConfigurationList;
			buildConfigurations = (
				7A6106342C519629004F7AE9 /* Debug */,
				7A6106352C519629004F7AE9 /* Release */,
			);
			defaultConfigurationIsVisible = 0;
			defaultConfigurationName = Release;
		};
		7A6106362C519629004F7AE9 /* Build configuration list for PBXNativeTarget "absenteeismifyTests" */ = {
			isa = XCConfigurationList;
			buildConfigurations = (
				7A6106372C519629004F7AE9 /* Debug */,
				7A6106382C519629004F7AE9 /* Release */,
			);
			defaultConfigurationIsVisible = 0;
			defaultConfigurationName = Release;
		};
		7A6106392C519629004F7AE9 /* Build configuration list for PBXNativeTarget "absenteeismifyUITests" */ = {
			isa = XCConfigurationList;
			buildConfigurations = (
				7A61063A2C519629004F7AE9 /* Debug */,
				7A61063B2C519629004F7AE9 /* Release */,
			);
			defaultConfigurationIsVisible = 0;
			defaultConfigurationName = Release;
		};
/* End XCConfigurationList section */

/* Begin XCRemoteSwiftPackageReference section */
		7AA8DE7A2CB891B00029CCDD /* XCRemoteSwiftPackageReference "firebase-ios-sdk" */ = {
			isa = XCRemoteSwiftPackageReference;
			repositoryURL = "https://github.com/firebase/firebase-ios-sdk";
			requirement = {
				kind = upToNextMajorVersion;
				minimumVersion = 11.3.0;
			};
		};
		7AA8DE8F2CB892BA0029CCDD /* XCRemoteSwiftPackageReference "GoogleSignIn-iOS" */ = {
			isa = XCRemoteSwiftPackageReference;
			repositoryURL = "https://github.com/google/GoogleSignIn-iOS";
			requirement = {
				kind = upToNextMajorVersion;
				minimumVersion = 8.0.0;
			};
		};
/* End XCRemoteSwiftPackageReference section */

/* Begin XCSwiftPackageProductDependency section */
		7AA8DE7B2CB891B00029CCDD /* FirebaseAnalytics */ = {
			isa = XCSwiftPackageProductDependency;
			package = 7AA8DE7A2CB891B00029CCDD /* XCRemoteSwiftPackageReference "firebase-ios-sdk" */;
			productName = FirebaseAnalytics;
		};
		7AA8DE7D2CB891B00029CCDD /* FirebaseAppCheck */ = {
			isa = XCSwiftPackageProductDependency;
			package = 7AA8DE7A2CB891B00029CCDD /* XCRemoteSwiftPackageReference "firebase-ios-sdk" */;
			productName = FirebaseAppCheck;
		};
		7AA8DE7F2CB891B00029CCDD /* FirebaseAppDistribution-Beta */ = {
			isa = XCSwiftPackageProductDependency;
			package = 7AA8DE7A2CB891B00029CCDD /* XCRemoteSwiftPackageReference "firebase-ios-sdk" */;
			productName = "FirebaseAppDistribution-Beta";
		};
		7AA8DE812CB891B00029CCDD /* FirebaseAuth */ = {
			isa = XCSwiftPackageProductDependency;
			package = 7AA8DE7A2CB891B00029CCDD /* XCRemoteSwiftPackageReference "firebase-ios-sdk" */;
			productName = FirebaseAuth;
		};
		7AA8DE832CB891B00029CCDD /* FirebaseCore */ = {
			isa = XCSwiftPackageProductDependency;
			package = 7AA8DE7A2CB891B00029CCDD /* XCRemoteSwiftPackageReference "firebase-ios-sdk" */;
			productName = FirebaseCore;
		};
		7AA8DE852CB891B00029CCDD /* FirebaseCrashlytics */ = {
			isa = XCSwiftPackageProductDependency;
			package = 7AA8DE7A2CB891B00029CCDD /* XCRemoteSwiftPackageReference "firebase-ios-sdk" */;
			productName = FirebaseCrashlytics;
		};
		7AA8DE872CB891B00029CCDD /* FirebaseDatabase */ = {
			isa = XCSwiftPackageProductDependency;
			package = 7AA8DE7A2CB891B00029CCDD /* XCRemoteSwiftPackageReference "firebase-ios-sdk" */;
			productName = FirebaseDatabase;
		};
		7AA8DE892CB891B00029CCDD /* FirebaseFirestore */ = {
			isa = XCSwiftPackageProductDependency;
			package = 7AA8DE7A2CB891B00029CCDD /* XCRemoteSwiftPackageReference "firebase-ios-sdk" */;
			productName = FirebaseFirestore;
		};
		7AA8DE8B2CB891B00029CCDD /* FirebaseFunctions */ = {
			isa = XCSwiftPackageProductDependency;
			package = 7AA8DE7A2CB891B00029CCDD /* XCRemoteSwiftPackageReference "firebase-ios-sdk" */;
			productName = FirebaseFunctions;
		};
		7AA8DE8D2CB891B00029CCDD /* FirebaseStorage */ = {
			isa = XCSwiftPackageProductDependency;
			package = 7AA8DE7A2CB891B00029CCDD /* XCRemoteSwiftPackageReference "firebase-ios-sdk" */;
			productName = FirebaseStorage;
		};
		7AA8DE902CB892BA0029CCDD /* GoogleSignIn */ = {
			isa = XCSwiftPackageProductDependency;
			package = 7AA8DE8F2CB892BA0029CCDD /* XCRemoteSwiftPackageReference "GoogleSignIn-iOS" */;
			productName = GoogleSignIn;
		};
		7AA8DE922CB892BA0029CCDD /* GoogleSignInSwift */ = {
			isa = XCSwiftPackageProductDependency;
			package = 7AA8DE8F2CB892BA0029CCDD /* XCRemoteSwiftPackageReference "GoogleSignIn-iOS" */;
			productName = GoogleSignInSwift;
		};
/* End XCSwiftPackageProductDependency section */
	};
	rootObject = 7A6106052C519628004F7AE9 /* Project object */;
}
